
Microsoft Visual Studio Solution File, Format Version 12.00
# Visual Studio Version 17
VisualStudioVersion = 17.14.36203.30
MinimumVisualStudioVersion = 10.0.40219.1
Project("{FAE04EC0-301F-11D3-BF4B-00C04F79EFBC}") = "StokTakip.Entities", "StokTakip.Entities\StokTakip.Entities.csproj", "{99C4CED7-EE58-41F8-B7B5-2C9E637D5944}"
EndProject
Project("{FAE04EC0-301F-11D3-BF4B-00C04F79EFBC}") = "StokTakip.DataAccess", "StokTakip.DataAccess\StokTakip.DataAccess.csproj", "{FCBA902D-B5E2-4DA8-B2EA-AD4648F7031B}"
EndProject
Project("{FAE04EC0-301F-11D3-BF4B-00C04F79EFBC}") = "StokTakip.DTOs", "StokTakibi.DTOs\StokTakip.DTOs.csproj", "{CFE697A7-D703-43AC-AB4E-0E05EB62CFBB}"
EndProject
Project("{FAE04EC0-301F-11D3-BF4B-00C04F79EFBC}") = "StokTakip.Services", "StokTakip.Services\StokTakip.Services.csproj", "{E2536C3D-EE28-47EE-94D7-0F9494A7CD88}"
EndProject
Project("{FAE04EC0-301F-11D3-BF4B-00C04F79EFBC}") = "StokTakip.WebUI", "StokTakip.WebUI\StokTakip.WebUI.csproj", "{7D9D8C9E-FAEF-4D95-993B-37DA0C4D03D7}"
EndProject
Global
	GlobalSection(SolutionConfigurationPlatforms) = preSolution
		Debug|Any CPU = Debug|Any CPU
		Release|Any CPU = Release|Any CPU
	EndGlobalSection
	GlobalSection(ProjectConfigurationPlatforms) = postSolution
		{99C4CED7-EE58-41F8-B7B5-2C9E637D5944}.Debug|Any CPU.ActiveCfg = Debug|Any CPU
		{99C4CED7-EE58-41F8-B7B5-2C9E637D5944}.Debug|Any CPU.Build.0 = Debug|Any CPU
		{99C4CED7-EE58-41F8-B7B5-2C9E637D5944}.Release|Any CPU.ActiveCfg = Release|Any CPU
		{99C4CED7-EE58-41F8-B7B5-2C9E637D5944}.Release|Any CPU.Build.0 = Release|Any CPU
		{FCBA902D-B5E2-4DA8-B2EA-AD4648F7031B}.Debug|Any CPU.ActiveCfg = Debug|Any CPU
		{FCBA902D-B5E2-4DA8-B2EA-AD4648F7031B}.Debug|Any CPU.Build.0 = Debug|Any CPU
		{FCBA902D-B5E2-4DA8-B2EA-AD4648F7031B}.Release|Any CPU.ActiveCfg = Release|Any CPU
		{FCBA902D-B5E2-4DA8-B2EA-AD4648F7031B}.Release|Any CPU.Build.0 = Release|Any CPU
		{CFE697A7-D703-43AC-AB4E-0E05EB62CFBB}.Debug|Any CPU.ActiveCfg = Debug|Any CPU
		{CFE697A7-D703-43AC-AB4E-0E05EB62CFBB}.Debug|Any CPU.Build.0 = Debug|Any CPU
		{CFE697A7-D703-43AC-AB4E-0E05EB62CFBB}.Release|Any CPU.ActiveCfg = Release|Any CPU
		{CFE697A7-D703-43AC-AB4E-0E05EB62CFBB}.Release|Any CPU.Build.0 = Release|Any CPU
		{E2536C3D-EE28-47EE-94D7-0F9494A7CD88}.Debug|Any CPU.ActiveCfg = Debug|Any CPU
		{E2536C3D-EE28-47EE-94D7-0F9494A7CD88}.Debug|Any CPU.Build.0 = Debug|Any CPU
		{E2536C3D-EE28-47EE-94D7-0F9494A7CD88}.Release|Any CPU.ActiveCfg = Release|Any CPU
		{E2536C3D-EE28-47EE-94D7-0F9494A7CD88}.Release|Any CPU.Build.0 = Release|Any CPU
		{7D9D8C9E-FAEF-4D95-993B-37DA0C4D03D7}.Debug|Any CPU.ActiveCfg = Debug|Any CPU
		{7D9D8C9E-FAEF-4D95-993B-37DA0C4D03D7}.Debug|Any CPU.Build.0 = Debug|Any CPU
		{7D9D8C9E-FAEF-4D95-993B-37DA0C4D03D7}.Release|Any CPU.ActiveCfg = Release|Any CPU
		{7D9D8C9E-FAEF-4D95-993B-37DA0C4D03D7}.Release|Any CPU.Build.0 = Release|Any CPU
	EndGlobalSection
	GlobalSection(SolutionProperties) = preSolution
		HideSolutionNode = FALSE
	EndGlobalSection
	GlobalSection(ExtensibilityGlobals) = postSolution
		SolutionGuid = {928AA341-5235-4AC5-AD49-08A2324B5EAF}
	EndGlobalSection
EndGlobal
